
Microsoft Visual Studio Solution File, Format Version 12.00
# Visual Studio Version 17
VisualStudioVersion = 17.2.32505.173
MinimumVisualStudioVersion = 10.0.40219.1
Project("{FAE04EC0-301F-11D3-BF4B-00C04F79EFBC}") = "WpfApp6", "WpfApp6\WpfApp6.csproj", "{DA1A3F65-EF25-4C50-95F4-5A6D818100F8}"
EndProject
Global
	GlobalSection(SolutionConfigurationPlatforms) = preSolution
		Debug|Any CPU = Debug|Any CPU
		Release|Any CPU = Release|Any CPU
	EndGlobalSection
	GlobalSection(ProjectConfigurationPlatforms) = postSolution
		{DA1A3F65-EF25-4C50-95F4-5A6D818100F8}.Debug|Any CPU.ActiveCfg = Debug|Any CPU
		{DA1A3F65-EF25-4C50-95F4-5A6D818100F8}.Debug|Any CPU.Build.0 = Debug|Any CPU
		{DA1A3F65-EF25-4C50-95F4-5A6D818100F8}.Release|Any CPU.ActiveCfg = Release|Any CPU
		{DA1A3F65-EF25-4C50-95F4-5A6D818100F8}.Release|Any CPU.Build.0 = Release|Any CPU
	EndGlobalSection
	GlobalSection(SolutionProperties) = preSolution
		HideSolutionNode = FALSE
	EndGlobalSection
	GlobalSection(ExtensibilityGlobals) = postSolution
		SolutionGuid = {A4C3DCDD-E44D-4B50-9FDF-1E5E3269AD29}
	EndGlobalSection
EndGlobal
